
Microsoft Visual Studio Solution File, Format Version 12.00
# Visual Studio Version 16
VisualStudioVersion = 16.0.32106.194
MinimumVisualStudioVersion = 10.0.40219.1
Project("{FAE04EC0-301F-11D3-BF4B-00C04F79EFBC}") = "Задание2", "Задание2.csproj", "{33953129-5BDD-4A6B-AC8C-C0BA48633894}"
EndProject
Global
	GlobalSection(SolutionConfigurationPlatforms) = preSolution
		Debug|Any CPU = Debug|Any CPU
		Release|Any CPU = Release|Any CPU
	EndGlobalSection
	GlobalSection(ProjectConfigurationPlatforms) = postSolution
		{33953129-5BDD-4A6B-AC8C-C0BA48633894}.Debug|Any CPU.ActiveCfg = Debug|Any CPU
		{33953129-5BDD-4A6B-AC8C-C0BA48633894}.Debug|Any CPU.Build.0 = Debug|Any CPU
		{33953129-5BDD-4A6B-AC8C-C0BA48633894}.Release|Any CPU.ActiveCfg = Release|Any CPU
		{33953129-5BDD-4A6B-AC8C-C0BA48633894}.Release|Any CPU.Build.0 = Release|Any CPU
	EndGlobalSection
	GlobalSection(SolutionProperties) = preSolution
		HideSolutionNode = FALSE
	EndGlobalSection
	GlobalSection(ExtensibilityGlobals) = postSolution
		SolutionGuid = {F37CBC5B-6F56-450D-BE71-3E438D3D0815}
	EndGlobalSection
EndGlobal
