
Microsoft Visual Studio Solution File, Format Version 12.00
# Visual Studio Version 16
VisualStudioVersion = 16.0.32106.194
MinimumVisualStudioVersion = 10.0.40219.1
Project("{FAE04EC0-301F-11D3-BF4B-00C04F79EFBC}") = "Задание3", "Задание3.csproj", "{310E4A9D-6174-4D88-9BD5-A9AAECCF393F}"
EndProject
Global
	GlobalSection(SolutionConfigurationPlatforms) = preSolution
		Debug|Any CPU = Debug|Any CPU
		Release|Any CPU = Release|Any CPU
	EndGlobalSection
	GlobalSection(ProjectConfigurationPlatforms) = postSolution
		{310E4A9D-6174-4D88-9BD5-A9AAECCF393F}.Debug|Any CPU.ActiveCfg = Debug|Any CPU
		{310E4A9D-6174-4D88-9BD5-A9AAECCF393F}.Debug|Any CPU.Build.0 = Debug|Any CPU
		{310E4A9D-6174-4D88-9BD5-A9AAECCF393F}.Release|Any CPU.ActiveCfg = Release|Any CPU
		{310E4A9D-6174-4D88-9BD5-A9AAECCF393F}.Release|Any CPU.Build.0 = Release|Any CPU
	EndGlobalSection
	GlobalSection(SolutionProperties) = preSolution
		HideSolutionNode = FALSE
	EndGlobalSection
	GlobalSection(ExtensibilityGlobals) = postSolution
		SolutionGuid = {9B2FE02A-7B1C-40F4-89C6-A0FD256E7858}
	EndGlobalSection
EndGlobal
