
Microsoft Visual Studio Solution File, Format Version 12.00
# Visual Studio Version 16
VisualStudioVersion = 16.0.32106.194
MinimumVisualStudioVersion = 10.0.40219.1
Project("{FAE04EC0-301F-11D3-BF4B-00C04F79EFBC}") = "Задание4", "Задание4.csproj", "{C72FC597-21BE-4865-BF06-F3B55544021C}"
EndProject
Global
	GlobalSection(SolutionConfigurationPlatforms) = preSolution
		Debug|Any CPU = Debug|Any CPU
		Release|Any CPU = Release|Any CPU
	EndGlobalSection
	GlobalSection(ProjectConfigurationPlatforms) = postSolution
		{C72FC597-21BE-4865-BF06-F3B55544021C}.Debug|Any CPU.ActiveCfg = Debug|Any CPU
		{C72FC597-21BE-4865-BF06-F3B55544021C}.Debug|Any CPU.Build.0 = Debug|Any CPU
		{C72FC597-21BE-4865-BF06-F3B55544021C}.Release|Any CPU.ActiveCfg = Release|Any CPU
		{C72FC597-21BE-4865-BF06-F3B55544021C}.Release|Any CPU.Build.0 = Release|Any CPU
	EndGlobalSection
	GlobalSection(SolutionProperties) = preSolution
		HideSolutionNode = FALSE
	EndGlobalSection
	GlobalSection(ExtensibilityGlobals) = postSolution
		SolutionGuid = {B754585A-7C8B-41E1-BAE3-6C0AEE06F282}
	EndGlobalSection
EndGlobal
