
Microsoft Visual Studio Solution File, Format Version 12.00
# Visual Studio Version 16
VisualStudioVersion = 16.0.32106.194
MinimumVisualStudioVersion = 10.0.40219.1
Project("{FAE04EC0-301F-11D3-BF4B-00C04F79EFBC}") = "Задание3", "Задание3.csproj", "{49457465-42EF-41DA-A307-99A3DBF87D32}"
EndProject
Global
	GlobalSection(SolutionConfigurationPlatforms) = preSolution
		Debug|Any CPU = Debug|Any CPU
		Release|Any CPU = Release|Any CPU
	EndGlobalSection
	GlobalSection(ProjectConfigurationPlatforms) = postSolution
		{49457465-42EF-41DA-A307-99A3DBF87D32}.Debug|Any CPU.ActiveCfg = Debug|Any CPU
		{49457465-42EF-41DA-A307-99A3DBF87D32}.Debug|Any CPU.Build.0 = Debug|Any CPU
		{49457465-42EF-41DA-A307-99A3DBF87D32}.Release|Any CPU.ActiveCfg = Release|Any CPU
		{49457465-42EF-41DA-A307-99A3DBF87D32}.Release|Any CPU.Build.0 = Release|Any CPU
	EndGlobalSection
	GlobalSection(SolutionProperties) = preSolution
		HideSolutionNode = FALSE
	EndGlobalSection
	GlobalSection(ExtensibilityGlobals) = postSolution
		SolutionGuid = {FE3AC331-43B4-4368-BFCC-ADAEE11129FB}
	EndGlobalSection
EndGlobal
