
Microsoft Visual Studio Solution File, Format Version 12.00
# Visual Studio Version 16
VisualStudioVersion = 16.0.32106.194
MinimumVisualStudioVersion = 10.0.40219.1
Project("{FAE04EC0-301F-11D3-BF4B-00C04F79EFBC}") = "Задание3", "Задание3.csproj", "{18C5A73C-44C8-408D-9F8F-207011DD612B}"
EndProject
Global
	GlobalSection(SolutionConfigurationPlatforms) = preSolution
		Debug|Any CPU = Debug|Any CPU
		Release|Any CPU = Release|Any CPU
	EndGlobalSection
	GlobalSection(ProjectConfigurationPlatforms) = postSolution
		{18C5A73C-44C8-408D-9F8F-207011DD612B}.Debug|Any CPU.ActiveCfg = Debug|Any CPU
		{18C5A73C-44C8-408D-9F8F-207011DD612B}.Debug|Any CPU.Build.0 = Debug|Any CPU
		{18C5A73C-44C8-408D-9F8F-207011DD612B}.Release|Any CPU.ActiveCfg = Release|Any CPU
		{18C5A73C-44C8-408D-9F8F-207011DD612B}.Release|Any CPU.Build.0 = Release|Any CPU
	EndGlobalSection
	GlobalSection(SolutionProperties) = preSolution
		HideSolutionNode = FALSE
	EndGlobalSection
	GlobalSection(ExtensibilityGlobals) = postSolution
		SolutionGuid = {F284542B-83D4-4241-BF4E-C249C83F8AD0}
	EndGlobalSection
EndGlobal
